
Microsoft Visual Studio Solution File, Format Version 12.00
# Visual Studio Version 16
VisualStudioVersion = 16.0.810.14
MinimumVisualStudioVersion = 10.0.40219.1
Project("{FAE04EC0-301F-11D3-BF4B-00C04F79EFBC}") = "StudentCRUD", "StudentCRUD\StudentCRUD.csproj", "{460D8FF7-CC2D-4F3A-B0EF-86D3CE5065D2}"
EndProject
Global
	GlobalSection(SolutionConfigurationPlatforms) = preSolution
		Debug|Any CPU = Debug|Any CPU
		Release|Any CPU = Release|Any CPU
	EndGlobalSection
	GlobalSection(ProjectConfigurationPlatforms) = postSolution
		{460D8FF7-CC2D-4F3A-B0EF-86D3CE5065D2}.Debug|Any CPU.ActiveCfg = Debug|Any CPU
		{460D8FF7-CC2D-4F3A-B0EF-86D3CE5065D2}.Debug|Any CPU.Build.0 = Debug|Any CPU
		{460D8FF7-CC2D-4F3A-B0EF-86D3CE5065D2}.Release|Any CPU.ActiveCfg = Release|Any CPU
		{460D8FF7-CC2D-4F3A-B0EF-86D3CE5065D2}.Release|Any CPU.Build.0 = Release|Any CPU
	EndGlobalSection
	GlobalSection(SolutionProperties) = preSolution
		HideSolutionNode = FALSE
	EndGlobalSection
	GlobalSection(ExtensibilityGlobals) = postSolution
		SolutionGuid = {67DA2517-50AC-4E8B-9D2E-29F0590C1D70}
	EndGlobalSection
EndGlobal
